
Microsoft Visual Studio Solution File, Format Version 12.00
Project("{2150E333-8FDC-42A3-9474-1A3956D46DE8}") = "src", "src", "{827E0CD3-B72D-47B6-A68D-7590B98EB39B}"
EndProject
Project("{FAE04EC0-301F-11D3-BF4B-00C04F79EFBC}") = "Heimdall.Host", "src\Heimdall.Host\Heimdall.Host.csproj", "{BE1F15D1-1504-4FB7-939F-8D1C4C497D12}"
EndProject
Project("{FAE04EC0-301F-11D3-BF4B-00C04F79EFBC}") = "Heimdall.Modules.Users", "src\Modules\Heimdall.Modules.Users\Heimdall.Modules.Users.csproj", "{A35D6550-80E3-4429-8216-7FCF9F26FE22}"
EndProject
Project("{FAE04EC0-301F-11D3-BF4B-00C04F79EFBC}") = "Heimdall.Modules.Wallets", "src\Modules\Heimdall.Modules.Wallets\Heimdall.Modules.Wallets.csproj", "{C4A30183-90F3-4D28-BBA8-33E22846975C}"
EndProject
Project("{FAE04EC0-301F-11D3-BF4B-00C04F79EFBC}") = "Heimdall.Abstractions", "src\Heimdall.Abstractions\Heimdall.Abstractions.csproj", "{D9750A05-F705-43E1-9DF7-18F73FEFCD4C}"
EndProject
Project("{FAE04EC0-301F-11D3-BF4B-00C04F79EFBC}") = "Heimdall.Data", "src\Heimdall.Data\Heimdall.Data.csproj", "{49FC3204-2496-492F-830F-C78A5EEC567D}"
EndProject
Global
	GlobalSection(SolutionConfigurationPlatforms) = preSolution
		Debug|Any CPU = Debug|Any CPU
		Debug|x64 = Debug|x64
		Debug|x86 = Debug|x86
		Release|Any CPU = Release|Any CPU
		Release|x64 = Release|x64
		Release|x86 = Release|x86
	EndGlobalSection
	GlobalSection(ProjectConfigurationPlatforms) = postSolution
		{BE1F15D1-1504-4FB7-939F-8D1C4C497D12}.Debug|Any CPU.ActiveCfg = Debug|Any CPU
		{BE1F15D1-1504-4FB7-939F-8D1C4C497D12}.Debug|Any CPU.Build.0 = Debug|Any CPU
		{BE1F15D1-1504-4FB7-939F-8D1C4C497D12}.Debug|x64.ActiveCfg = Debug|Any CPU
		{BE1F15D1-1504-4FB7-939F-8D1C4C497D12}.Debug|x64.Build.0 = Debug|Any CPU
		{BE1F15D1-1504-4FB7-939F-8D1C4C497D12}.Debug|x86.ActiveCfg = Debug|Any CPU
		{BE1F15D1-1504-4FB7-939F-8D1C4C497D12}.Debug|x86.Build.0 = Debug|Any CPU
		{BE1F15D1-1504-4FB7-939F-8D1C4C497D12}.Release|Any CPU.ActiveCfg = Release|Any CPU
		{BE1F15D1-1504-4FB7-939F-8D1C4C497D12}.Release|Any CPU.Build.0 = Release|Any CPU
		{BE1F15D1-1504-4FB7-939F-8D1C4C497D12}.Release|x64.ActiveCfg = Release|Any CPU
		{BE1F15D1-1504-4FB7-939F-8D1C4C497D12}.Release|x64.Build.0 = Release|Any CPU
		{BE1F15D1-1504-4FB7-939F-8D1C4C497D12}.Release|x86.ActiveCfg = Release|Any CPU
		{BE1F15D1-1504-4FB7-939F-8D1C4C497D12}.Release|x86.Build.0 = Release|Any CPU
		{A35D6550-80E3-4429-8216-7FCF9F26FE22}.Debug|Any CPU.ActiveCfg = Debug|Any CPU
		{A35D6550-80E3-4429-8216-7FCF9F26FE22}.Debug|Any CPU.Build.0 = Debug|Any CPU
		{A35D6550-80E3-4429-8216-7FCF9F26FE22}.Debug|x64.ActiveCfg = Debug|Any CPU
		{A35D6550-80E3-4429-8216-7FCF9F26FE22}.Debug|x64.Build.0 = Debug|Any CPU
		{A35D6550-80E3-4429-8216-7FCF9F26FE22}.Debug|x86.ActiveCfg = Debug|Any CPU
		{A35D6550-80E3-4429-8216-7FCF9F26FE22}.Debug|x86.Build.0 = Debug|Any CPU
		{A35D6550-80E3-4429-8216-7FCF9F26FE22}.Release|Any CPU.ActiveCfg = Release|Any CPU
		{A35D6550-80E3-4429-8216-7FCF9F26FE22}.Release|Any CPU.Build.0 = Release|Any CPU
		{A35D6550-80E3-4429-8216-7FCF9F26FE22}.Release|x64.ActiveCfg = Release|Any CPU
		{A35D6550-80E3-4429-8216-7FCF9F26FE22}.Release|x64.Build.0 = Release|Any CPU
		{A35D6550-80E3-4429-8216-7FCF9F26FE22}.Release|x86.ActiveCfg = Release|Any CPU
		{A35D6550-80E3-4429-8216-7FCF9F26FE22}.Release|x86.Build.0 = Release|Any CPU
		{C4A30183-90F3-4D28-BBA8-33E22846975C}.Debug|Any CPU.ActiveCfg = Debug|Any CPU
		{C4A30183-90F3-4D28-BBA8-33E22846975C}.Debug|Any CPU.Build.0 = Debug|Any CPU
		{C4A30183-90F3-4D28-BBA8-33E22846975C}.Debug|x64.ActiveCfg = Debug|Any CPU
		{C4A30183-90F3-4D28-BBA8-33E22846975C}.Debug|x64.Build.0 = Debug|Any CPU
		{C4A30183-90F3-4D28-BBA8-33E22846975C}.Debug|x86.ActiveCfg = Debug|Any CPU
		{C4A30183-90F3-4D28-BBA8-33E22846975C}.Debug|x86.Build.0 = Debug|Any CPU
		{C4A30183-90F3-4D28-BBA8-33E22846975C}.Release|Any CPU.ActiveCfg = Release|Any CPU
		{C4A30183-90F3-4D28-BBA8-33E22846975C}.Release|Any CPU.Build.0 = Release|Any CPU
		{C4A30183-90F3-4D28-BBA8-33E22846975C}.Release|x64.ActiveCfg = Release|Any CPU
		{C4A30183-90F3-4D28-BBA8-33E22846975C}.Release|x64.Build.0 = Release|Any CPU
		{C4A30183-90F3-4D28-BBA8-33E22846975C}.Release|x86.ActiveCfg = Release|Any CPU
		{C4A30183-90F3-4D28-BBA8-33E22846975C}.Release|x86.Build.0 = Release|Any CPU
		{D9750A05-F705-43E1-9DF7-18F73FEFCD4C}.Debug|Any CPU.ActiveCfg = Debug|Any CPU
		{D9750A05-F705-43E1-9DF7-18F73FEFCD4C}.Debug|Any CPU.Build.0 = Debug|Any CPU
		{D9750A05-F705-43E1-9DF7-18F73FEFCD4C}.Debug|x64.ActiveCfg = Debug|Any CPU
		{D9750A05-F705-43E1-9DF7-18F73FEFCD4C}.Debug|x64.Build.0 = Debug|Any CPU
		{D9750A05-F705-43E1-9DF7-18F73FEFCD4C}.Debug|x86.ActiveCfg = Debug|Any CPU
		{D9750A05-F705-43E1-9DF7-18F73FEFCD4C}.Debug|x86.Build.0 = Debug|Any CPU
		{D9750A05-F705-43E1-9DF7-18F73FEFCD4C}.Release|Any CPU.ActiveCfg = Release|Any CPU
		{D9750A05-F705-43E1-9DF7-18F73FEFCD4C}.Release|Any CPU.Build.0 = Release|Any CPU
		{D9750A05-F705-43E1-9DF7-18F73FEFCD4C}.Release|x64.ActiveCfg = Release|Any CPU
		{D9750A05-F705-43E1-9DF7-18F73FEFCD4C}.Release|x64.Build.0 = Release|Any CPU
		{D9750A05-F705-43E1-9DF7-18F73FEFCD4C}.Release|x86.ActiveCfg = Release|Any CPU
		{D9750A05-F705-43E1-9DF7-18F73FEFCD4C}.Release|x86.Build.0 = Release|Any CPU
		{49FC3204-2496-492F-830F-C78A5EEC567D}.Debug|Any CPU.ActiveCfg = Debug|Any CPU
		{49FC3204-2496-492F-830F-C78A5EEC567D}.Debug|Any CPU.Build.0 = Debug|Any CPU
		{49FC3204-2496-492F-830F-C78A5EEC567D}.Debug|x64.ActiveCfg = Debug|Any CPU
		{49FC3204-2496-492F-830F-C78A5EEC567D}.Debug|x64.Build.0 = Debug|Any CPU
		{49FC3204-2496-492F-830F-C78A5EEC567D}.Debug|x86.ActiveCfg = Debug|Any CPU
		{49FC3204-2496-492F-830F-C78A5EEC567D}.Debug|x86.Build.0 = Debug|Any CPU
		{49FC3204-2496-492F-830F-C78A5EEC567D}.Release|Any CPU.ActiveCfg = Release|Any CPU
		{49FC3204-2496-492F-830F-C78A5EEC567D}.Release|Any CPU.Build.0 = Release|Any CPU
		{49FC3204-2496-492F-830F-C78A5EEC567D}.Release|x64.ActiveCfg = Release|Any CPU
		{49FC3204-2496-492F-830F-C78A5EEC567D}.Release|x64.Build.0 = Release|Any CPU
		{49FC3204-2496-492F-830F-C78A5EEC567D}.Release|x86.ActiveCfg = Release|Any CPU
		{49FC3204-2496-492F-830F-C78A5EEC567D}.Release|x86.Build.0 = Release|Any CPU
	EndGlobalSection
	GlobalSection(SolutionProperties) = preSolution
		HideSolutionNode = FALSE
	EndGlobalSection
	GlobalSection(NestedProjects) = preSolution
		{BE1F15D1-1504-4FB7-939F-8D1C4C497D12} = {827E0CD3-B72D-47B6-A68D-7590B98EB39B}
		{A35D6550-80E3-4429-8216-7FCF9F26FE22} = {827E0CD3-B72D-47B6-A68D-7590B98EB39B}
		{C4A30183-90F3-4D28-BBA8-33E22846975C} = {827E0CD3-B72D-47B6-A68D-7590B98EB39B}
		{D9750A05-F705-43E1-9DF7-18F73FEFCD4C} = {827E0CD3-B72D-47B6-A68D-7590B98EB39B}
		{49FC3204-2496-492F-830F-C78A5EEC567D} = {827E0CD3-B72D-47B6-A68D-7590B98EB39B}
	EndGlobalSection
EndGlobal
